# THIS IS AN AUTOGENERATED FILE. DO NOT EDIT THIS FILE DIRECTLY.
# yarn lockfile v1


ntypescript@^1.201706190042.1:
  version "1.201706190042.1"
  resolved "http://r.tnpm.oa.com/ntypescript/-/ntypescript-1.201706190042.1.tgz#866ae9cc36688b141606156ed0bcc35cdf536271"
  integrity sha1-hmrpzDZoixQWBhVu0LzDXN9TYnE=

typescript@^4.6.3:
  version "4.6.3"
  resolved "http://r.tnpm.oa.com/typescript/-/typescript-4.6.3.tgz#eefeafa6afdd31d725584c67a0eaba80f6fc6c6c"
  integrity sha512-yNIatDa5iaofVozS/uQJEl3JRWLKKGJKh6Yaiv0GLGSuhpFJe7P3SbHZ8/yjAHRQwKRoA6YZqlfjXWmVzoVSMw==
